
Microsoft Visual Studio Solution File, Format Version 12.00
# Visual Studio 14
VisualStudioVersion = 14.0.25420.1
MinimumVisualStudioVersion = 10.0.40219.1
Project("{151D2E53-A2C4-4D7D-83FE-D05416EBD58E}") = "AzureDeployment", "AzureDeployment\AzureDeployment.deployproj", "{20929F72-D191-433B-B784-48B46F5FD632}"
EndProject
Project("{FAE04EC0-301F-11D3-BF4B-00C04F79EFBC}") = "CoderCardsWebsite", "CoderCardsWebsite\CoderCardsWebsite.csproj", "{86FA7FD5-EFFD-4ADA-8498-D918E5533DCF}"
EndProject
Global
	GlobalSection(SolutionConfigurationPlatforms) = preSolution
		Debug|Any CPU = Debug|Any CPU
		Release|Any CPU = Release|Any CPU
	EndGlobalSection
	GlobalSection(ProjectConfigurationPlatforms) = postSolution
		{20929F72-D191-433B-B784-48B46F5FD632}.Debug|Any CPU.ActiveCfg = Debug|Any CPU
		{20929F72-D191-433B-B784-48B46F5FD632}.Debug|Any CPU.Build.0 = Debug|Any CPU
		{20929F72-D191-433B-B784-48B46F5FD632}.Release|Any CPU.ActiveCfg = Release|Any CPU
		{20929F72-D191-433B-B784-48B46F5FD632}.Release|Any CPU.Build.0 = Release|Any CPU
		{86FA7FD5-EFFD-4ADA-8498-D918E5533DCF}.Debug|Any CPU.ActiveCfg = Debug|Any CPU
		{86FA7FD5-EFFD-4ADA-8498-D918E5533DCF}.Debug|Any CPU.Build.0 = Debug|Any CPU
		{86FA7FD5-EFFD-4ADA-8498-D918E5533DCF}.Release|Any CPU.ActiveCfg = Release|Any CPU
		{86FA7FD5-EFFD-4ADA-8498-D918E5533DCF}.Release|Any CPU.Build.0 = Release|Any CPU
	EndGlobalSection
	GlobalSection(SolutionProperties) = preSolution
		HideSolutionNode = FALSE
	EndGlobalSection
EndGlobal
